
Microsoft Visual Studio Solution File, Format Version 12.00
# Visual Studio Version 16
VisualStudioVersion = 16.0.31321.278
MinimumVisualStudioVersion = 10.0.40219.1
Project("{FAE04EC0-301F-11D3-BF4B-00C04F79EFBC}") = "KeepAwake", "KeepAwake.csproj", "{EF4DF2DE-5286-49EE-9382-B2D77A9DB5ED}"
EndProject
Global
	GlobalSection(SolutionConfigurationPlatforms) = preSolution
		Debug|Any CPU = Debug|Any CPU
		Release|Any CPU = Release|Any CPU
	EndGlobalSection
	GlobalSection(ProjectConfigurationPlatforms) = postSolution
		{EF4DF2DE-5286-49EE-9382-B2D77A9DB5ED}.Debug|Any CPU.ActiveCfg = Debug|Any CPU
		{EF4DF2DE-5286-49EE-9382-B2D77A9DB5ED}.Debug|Any CPU.Build.0 = Debug|Any CPU
		{EF4DF2DE-5286-49EE-9382-B2D77A9DB5ED}.Release|Any CPU.ActiveCfg = Release|Any CPU
		{EF4DF2DE-5286-49EE-9382-B2D77A9DB5ED}.Release|Any CPU.Build.0 = Release|Any CPU
	EndGlobalSection
	GlobalSection(SolutionProperties) = preSolution
		HideSolutionNode = FALSE
	EndGlobalSection
	GlobalSection(ExtensibilityGlobals) = postSolution
		SolutionGuid = {24BD240F-3522-4F8C-9A1D-128D245F4C2D}
	EndGlobalSection
EndGlobal
